<?xml version="1.0" encoding="utf-8"?>
<Project ToolsVersion="4.0" xmlns="http://schemas.microsoft.com/developer/msbuild/2003">
  <ItemGroup>
    <Filter Include="Source Files">
      <UniqueIdentifier>{4FC737F1-C7A5-4376-A066-2A32D752A2FF}</UniqueIdentifier>
      <Extensions>cpp;c;cc;cxx;def;odl;idl;hpj;bat;asm;asmx</Extensions>
    </Filter>
    <Filter Include="Header Files">
      <UniqueIdentifier>{93995380-89BD-4b04-88EB-625FBE52EBFB}</UniqueIdentifier>
      <Extensions>h;hh;hpp;hxx;hm;inl;inc;xsd</Extensions>
    </Filter>
    <Filter Include="Resource Files">
      <UniqueIdentifier>{67DA6AB6-F800-4c08-8B7A-83BB121AAD01}</UniqueIdentifier>
      <Extensions>rc;ico;cur;bmp;dlg;rc2;rct;bin;rgs;gif;jpg;jpeg;jpe;resx;tiff;tif;png;wav;mfcribbon-ms</Extensions>
    </Filter>
  </ItemGroup>
  <ItemGroup>
    <ClCompile Include="..\..\caca\codec\export.c">
      <Filter>Source Files</Filter>
    </ClCompile>
    <ClCompile Include="..\..\caca\codec\import.c">
      <Filter>Source Files</Filter>
    </ClCompile>
    <ClCompile Include="..\..\caca\codec\text.c">
      <Filter>Source Files</Filter>
    </ClCompile>
    <ClCompile Include="..\..\caca\driver\conio.c">
      <Filter>Source Files</Filter>
    </ClCompile>
    <ClCompile Include="..\..\caca\driver\gl.c">
      <Filter>Source Files</Filter>
    </ClCompile>
    <ClCompile Include="..\..\caca\driver\ncurses.c">
      <Filter>Source Files</Filter>
    </ClCompile>
    <ClCompile Include="..\..\caca\driver\null.c">
      <Filter>Source Files</Filter>
    </ClCompile>
    <ClCompile Include="..\..\caca\driver\raw.c">
      <Filter>Source Files</Filter>
    </ClCompile>
    <ClCompile Include="..\..\caca\driver\slang.c">
      <Filter>Source Files</Filter>
    </ClCompile>
    <ClCompile Include="..\..\caca\driver\vga.c">
      <Filter>Source Files</Filter>
    </ClCompile>
    <ClCompile Include="..\..\caca\driver\win32.c">
      <Filter>Source Files</Filter>
    </ClCompile>
    <ClCompile Include="..\..\caca\driver\x11.c">
      <Filter>Source Files</Filter>
    </ClCompile>
    <ClCompile Include="..\..\caca\attr.c">
      <Filter>Source Files</Filter>
    </ClCompile>
    <ClCompile Include="..\..\caca\box.c">
      <Filter>Source Files</Filter>
    </ClCompile>
    <ClCompile Include="..\..\caca\caca.c">
      <Filter>Source Files</Filter>
    </ClCompile>
    <ClCompile Include="..\..\caca\caca_conio.c">
      <Filter>Source Files</Filter>
    </ClCompile>
    <ClCompile Include="..\..\caca\canvas.c">
      <Filter>Source Files</Filter>
    </ClCompile>
    <ClCompile Include="..\..\caca\charset.c">
      <Filter>Source Files</Filter>
    </ClCompile>
    <ClCompile Include="..\..\caca\conic.c">
      <Filter>Source Files</Filter>
    </ClCompile>
    <ClCompile Include="..\..\caca\dirty.c">
      <Filter>Source Files</Filter>
    </ClCompile>
    <ClCompile Include="..\..\caca\dither.c">
      <Filter>Source Files</Filter>
    </ClCompile>
    <ClCompile Include="..\..\caca\event.c">
      <Filter>Source Files</Filter>
    </ClCompile>
    <ClCompile Include="..\..\caca\figfont.c">
      <Filter>Source Files</Filter>
    </ClCompile>
    <ClCompile Include="..\..\caca\file.c">
      <Filter>Source Files</Filter>
    </ClCompile>
    <ClCompile Include="..\..\caca\font.c">
      <Filter>Source Files</Filter>
    </ClCompile>
    <ClCompile Include="..\..\caca\frame.c">
      <Filter>Source Files</Filter>
    </ClCompile>
    <ClCompile Include="..\..\caca\graphics.c">
      <Filter>Source Files</Filter>
    </ClCompile>
    <ClCompile Include="..\..\caca\legacy.c">
      <Filter>Source Files</Filter>
    </ClCompile>
    <ClCompile Include="..\..\caca\line.c">
      <Filter>Source Files</Filter>
    </ClCompile>
    <ClCompile Include="..\..\caca\prof.c">
      <Filter>Source Files</Filter>
    </ClCompile>
    <ClCompile Include="..\..\caca\string.c">
      <Filter>Source Files</Filter>
    </ClCompile>
    <ClCompile Include="..\..\caca\time.c">
      <Filter>Source Files</Filter>
    </ClCompile>
    <ClCompile Include="..\..\caca\transform.c">
      <Filter>Source Files</Filter>
    </ClCompile>
    <ClCompile Include="..\..\caca\triangle.c">
      <Filter>Source Files</Filter>
    </ClCompile>
  </ItemGroup>
  <ItemGroup>
    <ClInclude Include="..\..\caca\caca.h">
      <Filter>Header Files</Filter>
    </ClInclude>
    <ClInclude Include="..\..\caca\caca_conio.h">
      <Filter>Header Files</Filter>
    </ClInclude>
    <ClInclude Include="..\..\caca\caca_debug.h">
      <Filter>Header Files</Filter>
    </ClInclude>
    <ClInclude Include="..\..\caca\caca_internals.h">
      <Filter>Header Files</Filter>
    </ClInclude>
    <ClInclude Include="..\..\caca\caca_prof.h">
      <Filter>Header Files</Filter>
    </ClInclude>
    <ClInclude Include="..\..\caca\caca_stubs.h">
      <Filter>Header Files</Filter>
    </ClInclude>
    <ClInclude Include="..\..\win32\caca_types.h">
      <Filter>Header Files</Filter>
    </ClInclude>
    <ClInclude Include="..\..\caca\codec\codec.h">
      <Filter>Header Files</Filter>
    </ClInclude>
    <ClInclude Include="..\..\win32\config.h">
      <Filter>Header Files</Filter>
    </ClInclude>
  </ItemGroup>
  <ItemGroup>
    <None Include="..\..\caca\libcaca.def">
      <Filter>Source Files</Filter>
    </None>
  </ItemGroup>
</Project>